// !$*UTF8*$!
{
	archiveVersion = 1;
	classes = {
	};
	objectVersion = 46;
	objects = {

/* Begin PBXBuildFile section */
		844C4F7B1BA5028C0059D4DC /* AppDelegate.swift in Sources */ = {isa = PBXBuildFile; fileRef = 844C4F7A1BA5028C0059D4DC /* AppDelegate.swift */; };
		844C4F7D1BA5028C0059D4DC /* ViewController.swift in Sources */ = {isa = PBXBuildFile; fileRef = 844C4F7C1BA5028C0059D4DC /* ViewController.swift */; };
		844C4F801BA5028C0059D4DC /* Main.storyboard in Resources */ = {isa = PBXBuildFile; fileRef = 844C4F7E1BA5028C0059D4DC /* Main.storyboard */; };
		844C4F821BA5028C0059D4DC /* Images.xcassets in Resources */ = {isa = PBXBuildFile; fileRef = 844C4F811BA5028C0059D4DC /* Images.xcassets */; };
		844C4F851BA5028C0059D4DC /* LaunchScreen.xib in Resources */ = {isa = PBXBuildFile; fileRef = 844C4F831BA5028C0059D4DC /* LaunchScreen.xib */; };
		844C4F911BA5028C0059D4DC /* ShareCropperTests.swift in Sources */ = {isa = PBXBuildFile; fileRef = 844C4F901BA5028C0059D4DC /* ShareCropperTests.swift */; };
/* End PBXBuildFile section */

/* Begin PBXContainerItemProxy section */
		844C4F8B1BA5028C0059D4DC /* PBXContainerItemProxy */ = {
			isa = PBXContainerItemProxy;
			containerPortal = 844C4F6D1BA5028C0059D4DC /* Project object */;
			proxyType = 1;
			remoteGlobalIDString = 844C4F741BA5028C0059D4DC;
			remoteInfo = ShareCropper;
		};
/* End PBXContainerItemProxy section */

/* Begin PBXFileReference section */
		844C4F751BA5028C0059D4DC /* ShareCropper.app */ = {isa = PBXFileReference; explicitFileType = wrapper.application; includeInIndex = 0; path = ShareCropper.app; sourceTree = BUILT_PRODUCTS_DIR; };
		844C4F791BA5028C0059D4DC /* Info.plist */ = {isa = PBXFileReference; lastKnownFileType = text.plist.xml; path = Info.plist; sourceTree = "<group>"; };
		844C4F7A1BA5028C0059D4DC /* AppDelegate.swift */ = {isa = PBXFileReference; lastKnownFileType = sourcecode.swift; path = AppDelegate.swift; sourceTree = "<group>"; };
		844C4F7C1BA5028C0059D4DC /* ViewController.swift */ = {isa = PBXFileReference; lastKnownFileType = sourcecode.swift; path = ViewController.swift; sourceTree = "<group>"; };
		844C4F7F1BA5028C0059D4DC /* Base */ = {isa = PBXFileReference; lastKnownFileType = file.storyboard; name = Base; path = Base.lproj/Main.storyboard; sourceTree = "<group>"; };
		844C4F811BA5028C0059D4DC /* Images.xcassets */ = {isa = PBXFileReference; lastKnownFileType = folder.assetcatalog; path = Images.xcassets; sourceTree = "<group>"; };
		844C4F841BA5028C0059D4DC /* Base */ = {isa = PBXFileReference; lastKnownFileType = file.xib; name = Base; path = Base.lproj/LaunchScreen.xib; sourceTree = "<group>"; };
		844C4F8A1BA5028C0059D4DC /* ShareCropperTests.xctest */ = {isa = PBXFileReference; explicitFileType = wrapper.cfbundle; includeInIndex = 0; path = ShareCropperTests.xctest; sourceTree = BUILT_PRODUCTS_DIR; };
		844C4F8F1BA5028C0059D4DC /* Info.plist */ = {isa = PBXFileReference; lastKnownFileType = text.plist.xml; path = Info.plist; sourceTree = "<group>"; };
		844C4F901BA5028C0059D4DC /* ShareCropperTests.swift */ = {isa = PBXFileReference; lastKnownFileType = sourcecode.swift; path = ShareCropperTests.swift; sourceTree = "<group>"; };
/* End PBXFileReference section */

/* Begin PBXFrameworksBuildPhase section */
		844C4F721BA5028C0059D4DC /* Frameworks */ = {
			isa = PBXFrameworksBuildPhase;
			buildActionMask = 2147483647;
			files = (
			);
			runOnlyForDeploymentPostprocessing = 0;
		};
		844C4F871BA5028C0059D4DC /* Frameworks */ = {
			isa = PBXFrameworksBuildPhase;
			buildActionMask = 2147483647;
			files = (
			);
			runOnlyForDeploymentPostprocessing = 0;
		};
/* End PBXFrameworksBuildPhase section */

/* Begin PBXGroup section */
		844C4F6C1BA5028C0059D4DC = {
			isa = PBXGroup;
			children = (
				844C4F771BA5028C0059D4DC /* ShareCropper */,
				844C4F8D1BA5028C0059D4DC /* ShareCropperTests */,
				844C4F761BA5028C0059D4DC /* Products */,
			);
			sourceTree = "<group>";
		};
		844C4F761BA5028C0059D4DC /* Products */ = {
			isa = PBXGroup;
			children = (
				844C4F751BA5028C0059D4DC /* ShareCropper.app */,
				844C4F8A1BA5028C0059D4DC /* ShareCropperTests.xctest */,
			);
			name = Products;
			sourceTree = "<group>";
		};
		844C4F771BA5028C0059D4DC /* ShareCropper */ = {
			isa = PBXGroup;
			children = (
				844C4F7A1BA5028C0059D4DC /* AppDelegate.swift */,
				844C4F7C1BA5028C0059D4DC /* ViewController.swift */,
				844C4F7E1BA5028C0059D4DC /* Main.storyboard */,
				844C4F811BA5028C0059D4DC /* Images.xcassets */,
				844C4F831BA5028C0059D4DC /* LaunchScreen.xib */,
				844C4F781BA5028C0059D4DC /* Supporting Files */,
			);
			path = ShareCropper;
			sourceTree = "<group>";
		};
		844C4F781BA5028C0059D4DC /* Supporting Files */ = {
			isa = PBXGroup;
			children = (
				844C4F791BA5028C0059D4DC /* Info.plist */,
			);
			name = "Supporting Files";
			sourceTree = "<group>";
		};
		844C4F8D1BA5028C0059D4DC /* ShareCropperTests */ = {
			isa = PBXGroup;
			children = (
				844C4F901BA5028C0059D4DC /* ShareCropperTests.swift */,
				844C4F8E1BA5028C0059D4DC /* Supporting Files */,
			);
			path = ShareCropperTests;
			sourceTree = "<group>";
		};
		844C4F8E1BA5028C0059D4DC /* Supporting Files */ = {
			isa = PBXGroup;
			children = (
				844C4F8F1BA5028C0059D4DC /* Info.plist */,
			);
			name = "Supporting Files";
			sourceTree = "<group>";
		};
/* End PBXGroup section */

/* Begin PBXNativeTarget section */
		844C4F741BA5028C0059D4DC /* ShareCropper */ = {
			isa = PBXNativeTarget;
			buildConfigurationList = 844C4F941BA5028C0059D4DC /* Build configuration list for PBXNativeTarget "ShareCropper" */;
			buildPhases = (
				844C4F711BA5028C0059D4DC /* Sources */,
				844C4F721BA5028C0059D4DC /* Frameworks */,
				844C4F731BA5028C0059D4DC /* Resources */,
			);
			buildRules = (
			);
			dependencies = (
			);
			name = ShareCropper;
			productName = ShareCropper;
			productReference = 844C4F751BA5028C0059D4DC /* ShareCropper.app */;
			productType = "com.apple.product-type.application";
		};
		844C4F891BA5028C0059D4DC /* ShareCropperTests */ = {
			isa = PBXNativeTarget;
			buildConfigurationList = 844C4F971BA5028C0059D4DC /* Build configuration list for PBXNativeTarget "ShareCropperTests" */;
			buildPhases = (
				844C4F861BA5028C0059D4DC /* Sources */,
				844C4F871BA5028C0059D4DC /* Frameworks */,
				844C4F881BA5028C0059D4DC /* Resources */,
			);
			buildRules = (
			);
			dependencies = (
				844C4F8C1BA5028C0059D4DC /* PBXTargetDependency */,
			);
			name = ShareCropperTests;
			productName = ShareCropperTests;
			productReference = 844C4F8A1BA5028C0059D4DC /* ShareCropperTests.xctest */;
			productType = "com.apple.product-type.bundle.unit-test";
		};
/* End PBXNativeTarget section */

/* Begin PBXProject section */
		844C4F6D1BA5028C0059D4DC /* Project object */ = {
			isa = PBXProject;
			attributes = {
				LastSwiftUpdateCheck = 0720;
				LastUpgradeCheck = 0720;
				ORGANIZATIONNAME = "Adam Wayland";
				TargetAttributes = {
					844C4F741BA5028C0059D4DC = {
						CreatedOnToolsVersion = 6.4;
					};
					844C4F891BA5028C0059D4DC = {
						CreatedOnToolsVersion = 6.4;
						TestTargetID = 844C4F741BA5028C0059D4DC;
					};
				};
			};
			buildConfigurationList = 844C4F701BA5028C0059D4DC /* Build configuration list for PBXProject "ShareCropper" */;
			compatibilityVersion = "Xcode 3.2";
			developmentRegion = English;
			hasScannedForEncodings = 0;
			knownRegions = (
				en,
				Base,
			);
			mainGroup = 844C4F6C1BA5028C0059D4DC;
			productRefGroup = 844C4F761BA5028C0059D4DC /* Products */;
			projectDirPath = "";
			projectRoot = "";
			targets = (
				844C4F741BA5028C0059D4DC /* ShareCropper */,
				844C4F891BA5028C0059D4DC /* ShareCropperTests */,
			);
		};
/* End PBXProject section */

/* Begin PBXResourcesBuildPhase section */
		844C4F731BA5028C0059D4DC /* Resources */ = {
			isa = PBXResourcesBuildPhase;
			buildActionMask = 2147483647;
			files = (
				844C4F801BA5028C0059D4DC /* Main.storyboard in Resources */,
				844C4F851BA5028C0059D4DC /* LaunchScreen.xib in Resources */,
				844C4F821BA5028C0059D4DC /* Images.xcassets in Resources */,
			);
			runOnlyForDeploymentPostprocessing = 0;
		};
		844C4F881BA5028C0059D4DC /* Resources */ = {
			isa = PBXResourcesBuildPhase;
			buildActionMask = 2147483647;
			files = (
			);
			runOnlyForDeploymentPostprocessing = 0;
		};
/* End PBXResourcesBuildPhase section */

/* Begin PBXSourcesBuildPhase section */
		844C4F711BA5028C0059D4DC /* Sources */ = {
			isa = PBXSourcesBuildPhase;
			buildActionMask = 2147483647;
			files = (
				844C4F7D1BA5028C0059D4DC /* ViewController.swift in Sources */,
				844C4F7B1BA5028C0059D4DC /* AppDelegate.swift in Sources */,
			);
			runOnlyForDeploymentPostprocessing = 0;
		};
		844C4F861BA5028C0059D4DC /* Sources */ = {
			isa = PBXSourcesBuildPhase;
			buildActionMask = 2147483647;
			files = (
				844C4F911BA5028C0059D4DC /* ShareCropperTests.swift in Sources */,
			);
			runOnlyForDeploymentPostprocessing = 0;
		};
/* End PBXSourcesBuildPhase section */

/* Begin PBXTargetDependency section */
		844C4F8C1BA5028C0059D4DC /* PBXTargetDependency */ = {
			isa = PBXTargetDependency;
			target = 844C4F741BA5028C0059D4DC /* ShareCropper */;
			targetProxy = 844C4F8B1BA5028C0059D4DC /* PBXContainerItemProxy */;
		};
/* End PBXTargetDependency section */

/* Begin PBXVariantGroup section */
		844C4F7E1BA5028C0059D4DC /* Main.storyboard */ = {
			isa = PBXVariantGroup;
			children = (
				844C4F7F1BA5028C0059D4DC /* Base */,
			);
			name = Main.storyboard;
			sourceTree = "<group>";
		};
		844C4F831BA5028C0059D4DC /* LaunchScreen.xib */ = {
			isa = PBXVariantGroup;
			children = (
				844C4F841BA5028C0059D4DC /* Base */,
			);
			name = LaunchScreen.xib;
			sourceTree = "<group>";
		};
/* End PBXVariantGroup section */

/* Begin XCBuildConfiguration section */
		844C4F921BA5028C0059D4DC /* Debug */ = {
			isa = XCBuildConfiguration;
			buildSettings = {
				ALWAYS_SEARCH_USER_PATHS = NO;
				CLANG_CXX_LANGUAGE_STANDARD = "gnu++0x";
				CLANG_CXX_LIBRARY = "libc++";
				CLANG_ENABLE_MODULES = YES;
				CLANG_ENABLE_OBJC_ARC = YES;
				CLANG_WARN_BOOL_CONVERSION = YES;
				CLANG_WARN_CONSTANT_CONVERSION = YES;
				CLANG_WARN_DIRECT_OBJC_ISA_USAGE = YES_ERROR;
				CLANG_WARN_EMPTY_BODY = YES;
				CLANG_WARN_ENUM_CONVERSION = YES;
				CLANG_WARN_INT_CONVERSION = YES;
				CLANG_WARN_OBJC_ROOT_CLASS = YES_ERROR;
				CLANG_WARN_UNREACHABLE_CODE = YES;
				CLANG_WARN__DUPLICATE_METHOD_MATCH = YES;
				"CODE_SIGN_IDENTITY[sdk=iphoneos*]" = "iPhone Developer";
				COPY_PHASE_STRIP = NO;
				DEBUG_INFORMATION_FORMAT = "dwarf-with-dsym";
				ENABLE_STRICT_OBJC_MSGSEND = YES;
				ENABLE_TESTABILITY = YES;
				GCC_C_LANGUAGE_STANDARD = gnu99;
				GCC_DYNAMIC_NO_PIC = NO;
				GCC_NO_COMMON_BLOCKS = YES;
				GCC_OPTIMIZATION_LEVEL = 0;
				GCC_PREPROCESSOR_DEFINITIONS = (
					"DEBUG=1",
					"$(inherited)",
				);
				GCC_SYMBOLS_PRIVATE_EXTERN = NO;
				GCC_WARN_64_TO_32_BIT_CONVERSION = YES;
				GCC_WARN_ABOUT_RETURN_TYPE = YES_ERROR;
				GCC_WARN_UNDECLARED_SELECTOR = YES;
				GCC_WARN_UNINITIALIZED_AUTOS = YES_AGGRESSIVE;
				GCC_WARN_UNUSED_FUNCTION = YES;
				GCC_WARN_UNUSED_VARIABLE = YES;
				IPHONEOS_DEPLOYMENT_TARGET = 9.2;
				MTL_ENABLE_DEBUG_INFO = YES;
				ONLY_ACTIVE_ARCH = YES;
				SDKROOT = iphoneos;
				SWIFT_OPTIMIZATION_LEVEL = "-Onone";
				TARGETED_DEVICE_FAMILY = "1,2";
			};
			name = Debug;
		};
		844C4F931BA5028C0059D4DC /* Release */ = {
			isa = XCBuildConfiguration;
			buildSettings = {
				ALWAYS_SEARCH_USER_PATHS = NO;
				CLANG_CXX_LANGUAGE_STANDARD = "gnu++0x";
				CLANG_CXX_LIBRARY = "libc++";
				CLANG_ENABLE_MODULES = YES;
				CLANG_ENABLE_OBJC_ARC = YES;
				CLANG_WARN_BOOL_CONVERSION = YES;
				CLANG_WARN_CONSTANT_CONVERSION = YES;
				CLANG_WARN_DIRECT_OBJC_ISA_USAGE = YES_ERROR;
				CLANG_WARN_EMPTY_BODY = YES;
				CLANG_WARN_ENUM_CONVERSION = YES;
				CLANG_WARN_INT_CONVERSION = YES;
				CLANG_WARN_OBJC_ROOT_CLASS = YES_ERROR;
				CLANG_WARN_UNREACHABLE_CODE = YES;
				CLANG_WARN__DUPLICATE_METHOD_MATCH = YES;
				"CODE_SIGN_IDENTITY[sdk=iphoneos*]" = "iPhone Developer";
				COPY_PHASE_STRIP = NO;
				DEBUG_INFORMATION_FORMAT = "dwarf-with-dsym";
				ENABLE_NS_ASSERTIONS = NO;
				ENABLE_STRICT_OBJC_MSGSEND = YES;
				GCC_C_LANGUAGE_STANDARD = gnu99;
				GCC_NO_COMMON_BLOCKS = YES;
				GCC_WARN_64_TO_32_BIT_CONVERSION = YES;
				GCC_WARN_ABOUT_RETURN_TYPE = YES_ERROR;
				GCC_WARN_UNDECLARED_SELECTOR = YES;
				GCC_WARN_UNINITIALIZED_AUTOS = YES_AGGRESSIVE;
				GCC_WARN_UNUSED_FUNCTION = YES;
				GCC_WARN_UNUSED_VARIABLE = YES;
				IPHONEOS_DEPLOYMENT_TARGET = 9.2;
				MTL_ENABLE_DEBUG_INFO = NO;
				SDKROOT = iphoneos;
				TARGETED_DEVICE_FAMILY = "1,2";
				VALIDATE_PRODUCT = YES;
			};
			name = Release;
		};
		844C4F951BA5028C0059D4DC /* Debug */ = {
			isa = XCBuildConfiguration;
			buildSettings = {
				ASSETCATALOG_COMPILER_APPICON_NAME = AppIcon;
				INFOPLIST_FILE = ShareCropper/Info.plist;
				IPHONEOS_DEPLOYMENT_TARGET = 8.1;
				LD_RUNPATH_SEARCH_PATHS = "$(inherited) @executable_path/Frameworks";
				PRODUCT_BUNDLE_IDENTIFIER = "com.adamwayland.$(PRODUCT_NAME:rfc1034identifier)";
				PRODUCT_NAME = "$(TARGET_NAME)";
				TARGETED_DEVICE_FAMILY = 1;
			};
			name = Debug;
		};
		844C4F961BA5028C0059D4DC /* Release */ = {
			isa = XCBuildConfiguration;
			buildSettings = {
				ASSETCATALOG_COMPILER_APPICON_NAME = AppIcon;
				INFOPLIST_FILE = ShareCropper/Info.plist;
				IPHONEOS_DEPLOYMENT_TARGET = 8.1;
				LD_RUNPATH_SEARCH_PATHS = "$(inherited) @executable_path/Frameworks";
				PRODUCT_BUNDLE_IDENTIFIER = "com.adamwayland.$(PRODUCT_NAME:rfc1034identifier)";
				PRODUCT_NAME = "$(TARGET_NAME)";
				TARGETED_DEVICE_FAMILY = 1;
			};
			name = Release;
		};
		844C4F981BA5028C0059D4DC /* Debug */ = {
			isa = XCBuildConfiguration;
			buildSettings = {
				BUNDLE_LOADER = "$(TEST_HOST)";
				FRAMEWORK_SEARCH_PATHS = (
					"$(SDKROOT)/Developer/Library/Frameworks",
					"$(inherited)",
				);
				GCC_PREPROCESSOR_DEFINITIONS = (
					"DEBUG=1",
					"$(inherited)",
				);
				INFOPLIST_FILE = ShareCropperTests/Info.plist;
				LD_RUNPATH_SEARCH_PATHS = "$(inherited) @executable_path/Frameworks @loader_path/Frameworks";
				PRODUCT_BUNDLE_IDENTIFIER = "com.adamwayland.$(PRODUCT_NAME:rfc1034identifier)";
				PRODUCT_NAME = "$(TARGET_NAME)";
				TEST_HOST = "$(BUILT_PRODUCTS_DIR)/ShareCropper.app/ShareCropper";
			};
			name = Debug;
		};
		844C4F991BA5028C0059D4DC /* Release */ = {
			isa = XCBuildConfiguration;
			buildSettings = {
				BUNDLE_LOADER = "$(TEST_HOST)";
				FRAMEWORK_SEARCH_PATHS = (
					"$(SDKROOT)/Developer/Library/Frameworks",
					"$(inherited)",
				);
				INFOPLIST_FILE = ShareCropperTests/Info.plist;
				LD_RUNPATH_SEARCH_PATHS = "$(inherited) @executable_path/Frameworks @loader_path/Frameworks";
				PRODUCT_BUNDLE_IDENTIFIER = "com.adamwayland.$(PRODUCT_NAME:rfc1034identifier)";
				PRODUCT_NAME = "$(TARGET_NAME)";
				TEST_HOST = "$(BUILT_PRODUCTS_DIR)/ShareCropper.app/ShareCropper";
			};
			name = Release;
		};
/* End XCBuildConfiguration section */

/* Begin XCConfigurationList section */
		844C4F701BA5028C0059D4DC /* Build configuration list for PBXProject "ShareCropper" */ = {
			isa = XCConfigurationList;
			buildConfigurations = (
				844C4F921BA5028C0059D4DC /* Debug */,
				844C4F931BA5028C0059D4DC /* Release */,
			);
			defaultConfigurationIsVisible = 0;
			defaultConfigurationName = Release;
		};
		844C4F941BA5028C0059D4DC /* Build configuration list for PBXNativeTarget "ShareCropper" */ = {
			isa = XCConfigurationList;
			buildConfigurations = (
				844C4F951BA5028C0059D4DC /* Debug */,
				844C4F961BA5028C0059D4DC /* Release */,
			);
			defaultConfigurationIsVisible = 0;
			defaultConfigurationName = Release;
		};
		844C4F971BA5028C0059D4DC /* Build configuration list for PBXNativeTarget "ShareCropperTests" */ = {
			isa = XCConfigurationList;
			buildConfigurations = (
				844C4F981BA5028C0059D4DC /* Debug */,
				844C4F991BA5028C0059D4DC /* Release */,
			);
			defaultConfigurationIsVisible = 0;
			defaultConfigurationName = Release;
		};
/* End XCConfigurationList section */
	};
	rootObject = 844C4F6D1BA5028C0059D4DC /* Project object */;
}
